
Microsoft Visual Studio Solution File, Format Version 12.00
# Visual Studio Version 17
VisualStudioVersion = 17.0.31903.59
MinimumVisualStudioVersion = 10.0.40219.1
Project("{FAE04EC0-301F-11D3-BF4B-00C04F79EFBC}") = "TheUtils", "TheUtils\TheUtils.csproj", "{51FD0154-67CD-44F9-ABF7-9234F7394FD7}"
EndProject
Project("{FAE04EC0-301F-11D3-BF4B-00C04F79EFBC}") = "TheUtils.SourceGenerator", "TheUtils.SourceGenerator\TheUtils.SourceGenerator.csproj", "{D11916ED-AE94-49BB-A320-6594445CB3A2}"
EndProject
Project("{FAE04EC0-301F-11D3-BF4B-00C04F79EFBC}") = "TheUtils.Db", "TheUtils.Db\TheUtils.Db.csproj", "{89FFE1C5-52E2-42D0-8F11-AA2317A2DCD7}"
EndProject
Project("{FAE04EC0-301F-11D3-BF4B-00C04F79EFBC}") = "TheUtils.Db.Tests", "..\tests\TheUtils.Db.Tests\TheUtils.Db.Tests.csproj", "{4F6FAD59-385A-4AF9-ADDA-C5F899229B1F}"
EndProject
Project("{FAE04EC0-301F-11D3-BF4B-00C04F79EFBC}") = "TheUtils.Cli", "TheUtils.Cli\TheUtils.Cli.csproj", "{0871F2EE-0E71-42B7-818B-E2B1699DF874}"
EndProject
Project("{FAE04EC0-301F-11D3-BF4B-00C04F79EFBC}") = "TheUtils.Cli.Tests", "..\tests\TheUtils.Cli.Tests\TheUtils.Cli.Tests.csproj", "{877A7969-76ED-4E88-B6AD-31C0B2CD40F8}"
EndProject
Global
	GlobalSection(SolutionConfigurationPlatforms) = preSolution
		Debug|Any CPU = Debug|Any CPU
		Debug|x64 = Debug|x64
		Debug|x86 = Debug|x86
		Release|Any CPU = Release|Any CPU
		Release|x64 = Release|x64
		Release|x86 = Release|x86
	EndGlobalSection
	GlobalSection(ProjectConfigurationPlatforms) = postSolution
		{51FD0154-67CD-44F9-ABF7-9234F7394FD7}.Debug|Any CPU.ActiveCfg = Debug|Any CPU
		{51FD0154-67CD-44F9-ABF7-9234F7394FD7}.Debug|Any CPU.Build.0 = Debug|Any CPU
		{51FD0154-67CD-44F9-ABF7-9234F7394FD7}.Debug|x64.ActiveCfg = Debug|Any CPU
		{51FD0154-67CD-44F9-ABF7-9234F7394FD7}.Debug|x64.Build.0 = Debug|Any CPU
		{51FD0154-67CD-44F9-ABF7-9234F7394FD7}.Debug|x86.ActiveCfg = Debug|Any CPU
		{51FD0154-67CD-44F9-ABF7-9234F7394FD7}.Debug|x86.Build.0 = Debug|Any CPU
		{51FD0154-67CD-44F9-ABF7-9234F7394FD7}.Release|Any CPU.ActiveCfg = Release|Any CPU
		{51FD0154-67CD-44F9-ABF7-9234F7394FD7}.Release|Any CPU.Build.0 = Release|Any CPU
		{51FD0154-67CD-44F9-ABF7-9234F7394FD7}.Release|x64.ActiveCfg = Release|Any CPU
		{51FD0154-67CD-44F9-ABF7-9234F7394FD7}.Release|x64.Build.0 = Release|Any CPU
		{51FD0154-67CD-44F9-ABF7-9234F7394FD7}.Release|x86.ActiveCfg = Release|Any CPU
		{51FD0154-67CD-44F9-ABF7-9234F7394FD7}.Release|x86.Build.0 = Release|Any CPU
		{D11916ED-AE94-49BB-A320-6594445CB3A2}.Debug|Any CPU.ActiveCfg = Debug|Any CPU
		{D11916ED-AE94-49BB-A320-6594445CB3A2}.Debug|Any CPU.Build.0 = Debug|Any CPU
		{D11916ED-AE94-49BB-A320-6594445CB3A2}.Debug|x64.ActiveCfg = Debug|Any CPU
		{D11916ED-AE94-49BB-A320-6594445CB3A2}.Debug|x64.Build.0 = Debug|Any CPU
		{D11916ED-AE94-49BB-A320-6594445CB3A2}.Debug|x86.ActiveCfg = Debug|Any CPU
		{D11916ED-AE94-49BB-A320-6594445CB3A2}.Debug|x86.Build.0 = Debug|Any CPU
		{D11916ED-AE94-49BB-A320-6594445CB3A2}.Release|Any CPU.ActiveCfg = Release|Any CPU
		{D11916ED-AE94-49BB-A320-6594445CB3A2}.Release|Any CPU.Build.0 = Release|Any CPU
		{D11916ED-AE94-49BB-A320-6594445CB3A2}.Release|x64.ActiveCfg = Release|Any CPU
		{D11916ED-AE94-49BB-A320-6594445CB3A2}.Release|x64.Build.0 = Release|Any CPU
		{D11916ED-AE94-49BB-A320-6594445CB3A2}.Release|x86.ActiveCfg = Release|Any CPU
		{D11916ED-AE94-49BB-A320-6594445CB3A2}.Release|x86.Build.0 = Release|Any CPU
		{89FFE1C5-52E2-42D0-8F11-AA2317A2DCD7}.Debug|Any CPU.ActiveCfg = Debug|Any CPU
		{89FFE1C5-52E2-42D0-8F11-AA2317A2DCD7}.Debug|Any CPU.Build.0 = Debug|Any CPU
		{89FFE1C5-52E2-42D0-8F11-AA2317A2DCD7}.Debug|x64.ActiveCfg = Debug|Any CPU
		{89FFE1C5-52E2-42D0-8F11-AA2317A2DCD7}.Debug|x64.Build.0 = Debug|Any CPU
		{89FFE1C5-52E2-42D0-8F11-AA2317A2DCD7}.Debug|x86.ActiveCfg = Debug|Any CPU
		{89FFE1C5-52E2-42D0-8F11-AA2317A2DCD7}.Debug|x86.Build.0 = Debug|Any CPU
		{89FFE1C5-52E2-42D0-8F11-AA2317A2DCD7}.Release|Any CPU.ActiveCfg = Release|Any CPU
		{89FFE1C5-52E2-42D0-8F11-AA2317A2DCD7}.Release|Any CPU.Build.0 = Release|Any CPU
		{89FFE1C5-52E2-42D0-8F11-AA2317A2DCD7}.Release|x64.ActiveCfg = Release|Any CPU
		{89FFE1C5-52E2-42D0-8F11-AA2317A2DCD7}.Release|x64.Build.0 = Release|Any CPU
		{89FFE1C5-52E2-42D0-8F11-AA2317A2DCD7}.Release|x86.ActiveCfg = Release|Any CPU
		{89FFE1C5-52E2-42D0-8F11-AA2317A2DCD7}.Release|x86.Build.0 = Release|Any CPU
		{4F6FAD59-385A-4AF9-ADDA-C5F899229B1F}.Debug|Any CPU.ActiveCfg = Debug|Any CPU
		{4F6FAD59-385A-4AF9-ADDA-C5F899229B1F}.Debug|Any CPU.Build.0 = Debug|Any CPU
		{4F6FAD59-385A-4AF9-ADDA-C5F899229B1F}.Debug|x64.ActiveCfg = Debug|Any CPU
		{4F6FAD59-385A-4AF9-ADDA-C5F899229B1F}.Debug|x64.Build.0 = Debug|Any CPU
		{4F6FAD59-385A-4AF9-ADDA-C5F899229B1F}.Debug|x86.ActiveCfg = Debug|Any CPU
		{4F6FAD59-385A-4AF9-ADDA-C5F899229B1F}.Debug|x86.Build.0 = Debug|Any CPU
		{4F6FAD59-385A-4AF9-ADDA-C5F899229B1F}.Release|Any CPU.ActiveCfg = Release|Any CPU
		{4F6FAD59-385A-4AF9-ADDA-C5F899229B1F}.Release|Any CPU.Build.0 = Release|Any CPU
		{4F6FAD59-385A-4AF9-ADDA-C5F899229B1F}.Release|x64.ActiveCfg = Release|Any CPU
		{4F6FAD59-385A-4AF9-ADDA-C5F899229B1F}.Release|x64.Build.0 = Release|Any CPU
		{4F6FAD59-385A-4AF9-ADDA-C5F899229B1F}.Release|x86.ActiveCfg = Release|Any CPU
		{4F6FAD59-385A-4AF9-ADDA-C5F899229B1F}.Release|x86.Build.0 = Release|Any CPU
		{0871F2EE-0E71-42B7-818B-E2B1699DF874}.Debug|Any CPU.ActiveCfg = Debug|Any CPU
		{0871F2EE-0E71-42B7-818B-E2B1699DF874}.Debug|Any CPU.Build.0 = Debug|Any CPU
		{0871F2EE-0E71-42B7-818B-E2B1699DF874}.Debug|x64.ActiveCfg = Debug|Any CPU
		{0871F2EE-0E71-42B7-818B-E2B1699DF874}.Debug|x64.Build.0 = Debug|Any CPU
		{0871F2EE-0E71-42B7-818B-E2B1699DF874}.Debug|x86.ActiveCfg = Debug|Any CPU
		{0871F2EE-0E71-42B7-818B-E2B1699DF874}.Debug|x86.Build.0 = Debug|Any CPU
		{0871F2EE-0E71-42B7-818B-E2B1699DF874}.Release|Any CPU.ActiveCfg = Release|Any CPU
		{0871F2EE-0E71-42B7-818B-E2B1699DF874}.Release|Any CPU.Build.0 = Release|Any CPU
		{0871F2EE-0E71-42B7-818B-E2B1699DF874}.Release|x64.ActiveCfg = Release|Any CPU
		{0871F2EE-0E71-42B7-818B-E2B1699DF874}.Release|x64.Build.0 = Release|Any CPU
		{0871F2EE-0E71-42B7-818B-E2B1699DF874}.Release|x86.ActiveCfg = Release|Any CPU
		{0871F2EE-0E71-42B7-818B-E2B1699DF874}.Release|x86.Build.0 = Release|Any CPU
		{877A7969-76ED-4E88-B6AD-31C0B2CD40F8}.Debug|Any CPU.ActiveCfg = Debug|Any CPU
		{877A7969-76ED-4E88-B6AD-31C0B2CD40F8}.Debug|Any CPU.Build.0 = Debug|Any CPU
		{877A7969-76ED-4E88-B6AD-31C0B2CD40F8}.Debug|x64.ActiveCfg = Debug|Any CPU
		{877A7969-76ED-4E88-B6AD-31C0B2CD40F8}.Debug|x64.Build.0 = Debug|Any CPU
		{877A7969-76ED-4E88-B6AD-31C0B2CD40F8}.Debug|x86.ActiveCfg = Debug|Any CPU
		{877A7969-76ED-4E88-B6AD-31C0B2CD40F8}.Debug|x86.Build.0 = Debug|Any CPU
		{877A7969-76ED-4E88-B6AD-31C0B2CD40F8}.Release|Any CPU.ActiveCfg = Release|Any CPU
		{877A7969-76ED-4E88-B6AD-31C0B2CD40F8}.Release|Any CPU.Build.0 = Release|Any CPU
		{877A7969-76ED-4E88-B6AD-31C0B2CD40F8}.Release|x64.ActiveCfg = Release|Any CPU
		{877A7969-76ED-4E88-B6AD-31C0B2CD40F8}.Release|x64.Build.0 = Release|Any CPU
		{877A7969-76ED-4E88-B6AD-31C0B2CD40F8}.Release|x86.ActiveCfg = Release|Any CPU
		{877A7969-76ED-4E88-B6AD-31C0B2CD40F8}.Release|x86.Build.0 = Release|Any CPU
	EndGlobalSection
	GlobalSection(SolutionProperties) = preSolution
		HideSolutionNode = FALSE
	EndGlobalSection
EndGlobal
